
Microsoft Visual Studio Solution File, Format Version 12.00
# Visual Studio Version 16
VisualStudioVersion = 16.0.31729.503
MinimumVisualStudioVersion = 10.0.40219.1
Project("{FAE04EC0-301F-11D3-BF4B-00C04F79EFBC}") = "RandomDataGenerator", "RandomDataGenerator\RandomDataGenerator.csproj", "{7A5AE48F-BEA8-4603-8C14-91611E615E29}"
EndProject
Global
	GlobalSection(SolutionConfigurationPlatforms) = preSolution
		Debug|Any CPU = Debug|Any CPU
		Release|Any CPU = Release|Any CPU
	EndGlobalSection
	GlobalSection(ProjectConfigurationPlatforms) = postSolution
		{7A5AE48F-BEA8-4603-8C14-91611E615E29}.Debug|Any CPU.ActiveCfg = Debug|Any CPU
		{7A5AE48F-BEA8-4603-8C14-91611E615E29}.Debug|Any CPU.Build.0 = Debug|Any CPU
		{7A5AE48F-BEA8-4603-8C14-91611E615E29}.Release|Any CPU.ActiveCfg = Release|Any CPU
		{7A5AE48F-BEA8-4603-8C14-91611E615E29}.Release|Any CPU.Build.0 = Release|Any CPU
	EndGlobalSection
	GlobalSection(SolutionProperties) = preSolution
		HideSolutionNode = FALSE
	EndGlobalSection
	GlobalSection(ExtensibilityGlobals) = postSolution
		SolutionGuid = {EC147071-681D-4DA2-A1D7-2C3E4ED40B76}
	EndGlobalSection
EndGlobal
